
Microsoft Visual Studio Solution File, Format Version 12.00
# Visual Studio 15
Project("{FAE04EC0-301F-11D3-BF4B-00C04F79EFBC}") = "Assembly-CSharp-firstpass", "Assembly-CSharp-firstpass.csproj", "{10CEBE3D-ECB6-7EC1-691C-DAFBEF05D9FA}"
EndProject
Project("{FAE04EC0-301F-11D3-BF4B-00C04F79EFBC}") = "Assembly-CSharp", "Assembly-CSharp.csproj", "{05DFB2D5-7A0B-13E3-03DE-2FAE8F8ADA7E}"
EndProject
Project("{FAE04EC0-301F-11D3-BF4B-00C04F79EFBC}") = "PhotonUnityNetworking.Demos", "PhotonUnityNetworking.Demos.csproj", "{9B3DD4A4-2A10-0D56-816A-C7CA83DF1F50}"
EndProject
Project("{FAE04EC0-301F-11D3-BF4B-00C04F79EFBC}") = "PhotonUnityNetworking.Utilities", "PhotonUnityNetworking.Utilities.csproj", "{A6F66329-90F4-9FCE-3E16-C92AE32F47A8}"
EndProject
Project("{FAE04EC0-301F-11D3-BF4B-00C04F79EFBC}") = "PhotonChat", "PhotonChat.csproj", "{F402A28B-C9DD-63E8-4016-3D7180B7BB8C}"
EndProject
Project("{FAE04EC0-301F-11D3-BF4B-00C04F79EFBC}") = "PhotonUnityNetworking", "PhotonUnityNetworking.csproj", "{7118D807-A2FA-8541-68C8-20899D13527E}"
EndProject
Project("{FAE04EC0-301F-11D3-BF4B-00C04F79EFBC}") = "PhotonRealtime", "PhotonRealtime.csproj", "{1D113D2C-D1AF-56D9-56D0-71B806215762}"
EndProject
Project("{FAE04EC0-301F-11D3-BF4B-00C04F79EFBC}") = "PhotonWebSocket", "PhotonWebSocket.csproj", "{2D40D680-27B0-1E20-8716-697A54C6A9C2}"
EndProject
Project("{FAE04EC0-301F-11D3-BF4B-00C04F79EFBC}") = "PhotonUnityNetworking.Editor", "PhotonUnityNetworking.Editor.csproj", "{1B033063-C232-7454-3842-B3CFF3C3B789}"
EndProject
Project("{FAE04EC0-301F-11D3-BF4B-00C04F79EFBC}") = "Assembly-CSharp-Editor-firstpass", "Assembly-CSharp-Editor-firstpass.csproj", "{DA7D9BC0-189D-733C-2F79-0C7BC721B76A}"
EndProject
Project("{FAE04EC0-301F-11D3-BF4B-00C04F79EFBC}") = "PunDemos.DemoHubEditor", "PunDemos.DemoHubEditor.csproj", "{C494AD18-C7BF-EC9E-B963-A0C3A525F11C}"
EndProject
Project("{FAE04EC0-301F-11D3-BF4B-00C04F79EFBC}") = "PhotonUnityNetworking.Utilities.PhotonPlayer.Editor", "PhotonUnityNetworking.Utilities.PhotonPlayer.Editor.csproj", "{AD2502E2-A933-0806-EB48-BF75201C2C87}"
EndProject
Project("{FAE04EC0-301F-11D3-BF4B-00C04F79EFBC}") = "Assembly-CSharp-Editor", "Assembly-CSharp-Editor.csproj", "{C4E55E9D-FB9C-DB1F-BA72-78B83ED55D4B}"
EndProject
Project("{FAE04EC0-301F-11D3-BF4B-00C04F79EFBC}") = "PhotonUnityNetworking.Utilities.Culling.Editor", "PhotonUnityNetworking.Utilities.Culling.Editor.csproj", "{64C4E8B0-74ED-08D9-1FCA-F1627F035453}"
EndProject
Project("{FAE04EC0-301F-11D3-BF4B-00C04F79EFBC}") = "PunDemos.DemoSlotcarEditor", "PunDemos.DemoSlotcarEditor.csproj", "{C969E6A0-1094-ABD0-577E-9839909F43B0}"
EndProject
Global
	GlobalSection(SolutionConfigurationPlatforms) = preSolution
		Debug|Any CPU = Debug|Any CPU
		Release|Any CPU = Release|Any CPU
	EndGlobalSection
	GlobalSection(ProjectConfigurationPlatforms) = postSolution
		{10CEBE3D-ECB6-7EC1-691C-DAFBEF05D9FA}.Debug|Any CPU.ActiveCfg = Debug|Any CPU
		{10CEBE3D-ECB6-7EC1-691C-DAFBEF05D9FA}.Debug|Any CPU.Build.0 = Debug|Any CPU
		{10CEBE3D-ECB6-7EC1-691C-DAFBEF05D9FA}.Release|Any CPU.ActiveCfg = Release|Any CPU
		{10CEBE3D-ECB6-7EC1-691C-DAFBEF05D9FA}.Release|Any CPU.Build.0 = Release|Any CPU
		{05DFB2D5-7A0B-13E3-03DE-2FAE8F8ADA7E}.Debug|Any CPU.ActiveCfg = Debug|Any CPU
		{05DFB2D5-7A0B-13E3-03DE-2FAE8F8ADA7E}.Debug|Any CPU.Build.0 = Debug|Any CPU
		{05DFB2D5-7A0B-13E3-03DE-2FAE8F8ADA7E}.Release|Any CPU.ActiveCfg = Release|Any CPU
		{05DFB2D5-7A0B-13E3-03DE-2FAE8F8ADA7E}.Release|Any CPU.Build.0 = Release|Any CPU
		{9B3DD4A4-2A10-0D56-816A-C7CA83DF1F50}.Debug|Any CPU.ActiveCfg = Debug|Any CPU
		{9B3DD4A4-2A10-0D56-816A-C7CA83DF1F50}.Debug|Any CPU.Build.0 = Debug|Any CPU
		{9B3DD4A4-2A10-0D56-816A-C7CA83DF1F50}.Release|Any CPU.ActiveCfg = Release|Any CPU
		{9B3DD4A4-2A10-0D56-816A-C7CA83DF1F50}.Release|Any CPU.Build.0 = Release|Any CPU
		{A6F66329-90F4-9FCE-3E16-C92AE32F47A8}.Debug|Any CPU.ActiveCfg = Debug|Any CPU
		{A6F66329-90F4-9FCE-3E16-C92AE32F47A8}.Debug|Any CPU.Build.0 = Debug|Any CPU
		{A6F66329-90F4-9FCE-3E16-C92AE32F47A8}.Release|Any CPU.ActiveCfg = Release|Any CPU
		{A6F66329-90F4-9FCE-3E16-C92AE32F47A8}.Release|Any CPU.Build.0 = Release|Any CPU
		{F402A28B-C9DD-63E8-4016-3D7180B7BB8C}.Debug|Any CPU.ActiveCfg = Debug|Any CPU
		{F402A28B-C9DD-63E8-4016-3D7180B7BB8C}.Debug|Any CPU.Build.0 = Debug|Any CPU
		{F402A28B-C9DD-63E8-4016-3D7180B7BB8C}.Release|Any CPU.ActiveCfg = Release|Any CPU
		{F402A28B-C9DD-63E8-4016-3D7180B7BB8C}.Release|Any CPU.Build.0 = Release|Any CPU
		{7118D807-A2FA-8541-68C8-20899D13527E}.Debug|Any CPU.ActiveCfg = Debug|Any CPU
		{7118D807-A2FA-8541-68C8-20899D13527E}.Debug|Any CPU.Build.0 = Debug|Any CPU
		{7118D807-A2FA-8541-68C8-20899D13527E}.Release|Any CPU.ActiveCfg = Release|Any CPU
		{7118D807-A2FA-8541-68C8-20899D13527E}.Release|Any CPU.Build.0 = Release|Any CPU
		{1D113D2C-D1AF-56D9-56D0-71B806215762}.Debug|Any CPU.ActiveCfg = Debug|Any CPU
		{1D113D2C-D1AF-56D9-56D0-71B806215762}.Debug|Any CPU.Build.0 = Debug|Any CPU
		{1D113D2C-D1AF-56D9-56D0-71B806215762}.Release|Any CPU.ActiveCfg = Release|Any CPU
		{1D113D2C-D1AF-56D9-56D0-71B806215762}.Release|Any CPU.Build.0 = Release|Any CPU
		{2D40D680-27B0-1E20-8716-697A54C6A9C2}.Debug|Any CPU.ActiveCfg = Debug|Any CPU
		{2D40D680-27B0-1E20-8716-697A54C6A9C2}.Debug|Any CPU.Build.0 = Debug|Any CPU
		{2D40D680-27B0-1E20-8716-697A54C6A9C2}.Release|Any CPU.ActiveCfg = Release|Any CPU
		{2D40D680-27B0-1E20-8716-697A54C6A9C2}.Release|Any CPU.Build.0 = Release|Any CPU
		{1B033063-C232-7454-3842-B3CFF3C3B789}.Debug|Any CPU.ActiveCfg = Debug|Any CPU
		{1B033063-C232-7454-3842-B3CFF3C3B789}.Debug|Any CPU.Build.0 = Debug|Any CPU
		{1B033063-C232-7454-3842-B3CFF3C3B789}.Release|Any CPU.ActiveCfg = Release|Any CPU
		{1B033063-C232-7454-3842-B3CFF3C3B789}.Release|Any CPU.Build.0 = Release|Any CPU
		{DA7D9BC0-189D-733C-2F79-0C7BC721B76A}.Debug|Any CPU.ActiveCfg = Debug|Any CPU
		{DA7D9BC0-189D-733C-2F79-0C7BC721B76A}.Debug|Any CPU.Build.0 = Debug|Any CPU
		{DA7D9BC0-189D-733C-2F79-0C7BC721B76A}.Release|Any CPU.ActiveCfg = Release|Any CPU
		{DA7D9BC0-189D-733C-2F79-0C7BC721B76A}.Release|Any CPU.Build.0 = Release|Any CPU
		{C494AD18-C7BF-EC9E-B963-A0C3A525F11C}.Debug|Any CPU.ActiveCfg = Debug|Any CPU
		{C494AD18-C7BF-EC9E-B963-A0C3A525F11C}.Debug|Any CPU.Build.0 = Debug|Any CPU
		{C494AD18-C7BF-EC9E-B963-A0C3A525F11C}.Release|Any CPU.ActiveCfg = Release|Any CPU
		{C494AD18-C7BF-EC9E-B963-A0C3A525F11C}.Release|Any CPU.Build.0 = Release|Any CPU
		{AD2502E2-A933-0806-EB48-BF75201C2C87}.Debug|Any CPU.ActiveCfg = Debug|Any CPU
		{AD2502E2-A933-0806-EB48-BF75201C2C87}.Debug|Any CPU.Build.0 = Debug|Any CPU
		{AD2502E2-A933-0806-EB48-BF75201C2C87}.Release|Any CPU.ActiveCfg = Release|Any CPU
		{AD2502E2-A933-0806-EB48-BF75201C2C87}.Release|Any CPU.Build.0 = Release|Any CPU
		{C4E55E9D-FB9C-DB1F-BA72-78B83ED55D4B}.Debug|Any CPU.ActiveCfg = Debug|Any CPU
		{C4E55E9D-FB9C-DB1F-BA72-78B83ED55D4B}.Debug|Any CPU.Build.0 = Debug|Any CPU
		{C4E55E9D-FB9C-DB1F-BA72-78B83ED55D4B}.Release|Any CPU.ActiveCfg = Release|Any CPU
		{C4E55E9D-FB9C-DB1F-BA72-78B83ED55D4B}.Release|Any CPU.Build.0 = Release|Any CPU
		{64C4E8B0-74ED-08D9-1FCA-F1627F035453}.Debug|Any CPU.ActiveCfg = Debug|Any CPU
		{64C4E8B0-74ED-08D9-1FCA-F1627F035453}.Debug|Any CPU.Build.0 = Debug|Any CPU
		{64C4E8B0-74ED-08D9-1FCA-F1627F035453}.Release|Any CPU.ActiveCfg = Release|Any CPU
		{64C4E8B0-74ED-08D9-1FCA-F1627F035453}.Release|Any CPU.Build.0 = Release|Any CPU
		{C969E6A0-1094-ABD0-577E-9839909F43B0}.Debug|Any CPU.ActiveCfg = Debug|Any CPU
		{C969E6A0-1094-ABD0-577E-9839909F43B0}.Debug|Any CPU.Build.0 = Debug|Any CPU
		{C969E6A0-1094-ABD0-577E-9839909F43B0}.Release|Any CPU.ActiveCfg = Release|Any CPU
		{C969E6A0-1094-ABD0-577E-9839909F43B0}.Release|Any CPU.Build.0 = Release|Any CPU
	EndGlobalSection
	GlobalSection(SolutionProperties) = preSolution
		HideSolutionNode = FALSE
	EndGlobalSection
EndGlobal
